
Microsoft Visual Studio Solution File, Format Version 12.00
# Visual Studio Version 17
VisualStudioVersion = 17.7.34202.233
MinimumVisualStudioVersion = 10.0.40219.1
Project("{9A19103F-16F7-4668-BE54-9A1E7A4F7556}") = "Day1_C#Basics", "Day1_C#Basics\Day1_C#Basics.csproj", "{2C452741-1C06-4ADA-AB8A-D2656632BDD5}"
EndProject
Project("{9A19103F-16F7-4668-BE54-9A1E7A4F7556}") = "Day1_ClassIntro", "Day1_ClassIntro\Day1_ClassIntro.csproj", "{28D221BB-D331-462A-80B7-14F77519523A}"
EndProject
Project("{9A19103F-16F7-4668-BE54-9A1E7A4F7556}") = "Day2_Methods", "Day2_Methods\Day2_Methods.csproj", "{1CCA30F0-8D81-4E62-9ABB-021F060EFBFF}"
EndProject
Project("{9A19103F-16F7-4668-BE54-9A1E7A4F7556}") = "Day2_ClassMethodDemo", "Day2_ClassMethodDemo\Day2_ClassMethodDemo.csproj", "{630A3EFB-3EF2-40B8-A180-BD690DDFAE1A}"
EndProject
Project("{9A19103F-16F7-4668-BE54-9A1E7A4F7556}") = "Day2_ValueAndReferranceTypes", "Day2_ValueAndReferranceTypes\Day2_ValueAndReferranceTypes.csproj", "{A0E24B8A-863C-4291-ADC1-56FD5764D377}"
EndProject
Project("{9A19103F-16F7-4668-BE54-9A1E7A4F7556}") = "Day3_OOP1", "Day3_OOP1\Day3_OOP1.csproj", "{C2CB1103-4EBF-4D98-AB4A-A4DD77B3D462}"
EndProject
Project("{9A19103F-16F7-4668-BE54-9A1E7A4F7556}") = "Day3_GenericsIntro", "Day3_GenericsIntro\Day3_GenericsIntro.csproj", "{44E123B8-AE18-4EAB-8E11-0E3D2BFDD4A6}"
EndProject
Project("{FAE04EC0-301F-11D3-BF4B-00C04F79EFBC}") = "Day3_HW_Dictionary", "Day3_HW_Dictionary\Day3_HW_Dictionary.csproj", "{179748C5-132C-40ED-83A7-49E637923C45}"
EndProject
Project("{FAE04EC0-301F-11D3-BF4B-00C04F79EFBC}") = "Day4_OOP2", "Day4_OOP2\Day4_OOP2.csproj", "{B3C7B90A-F88F-4E17-BB37-0A2C5572E316}"
EndProject
Project("{FAE04EC0-301F-11D3-BF4B-00C04F79EFBC}") = "Day4_OOP3", "Day4_OOP3\Day4_OOP3.csproj", "{AA993C66-4099-4DA5-9E42-E34F4C4F16CC}"
EndProject
Global
	GlobalSection(SolutionConfigurationPlatforms) = preSolution
		Debug|Any CPU = Debug|Any CPU
		Release|Any CPU = Release|Any CPU
	EndGlobalSection
	GlobalSection(ProjectConfigurationPlatforms) = postSolution
		{2C452741-1C06-4ADA-AB8A-D2656632BDD5}.Debug|Any CPU.ActiveCfg = Debug|Any CPU
		{2C452741-1C06-4ADA-AB8A-D2656632BDD5}.Debug|Any CPU.Build.0 = Debug|Any CPU
		{2C452741-1C06-4ADA-AB8A-D2656632BDD5}.Release|Any CPU.ActiveCfg = Release|Any CPU
		{2C452741-1C06-4ADA-AB8A-D2656632BDD5}.Release|Any CPU.Build.0 = Release|Any CPU
		{28D221BB-D331-462A-80B7-14F77519523A}.Debug|Any CPU.ActiveCfg = Debug|Any CPU
		{28D221BB-D331-462A-80B7-14F77519523A}.Debug|Any CPU.Build.0 = Debug|Any CPU
		{28D221BB-D331-462A-80B7-14F77519523A}.Release|Any CPU.ActiveCfg = Release|Any CPU
		{28D221BB-D331-462A-80B7-14F77519523A}.Release|Any CPU.Build.0 = Release|Any CPU
		{1CCA30F0-8D81-4E62-9ABB-021F060EFBFF}.Debug|Any CPU.ActiveCfg = Debug|Any CPU
		{1CCA30F0-8D81-4E62-9ABB-021F060EFBFF}.Debug|Any CPU.Build.0 = Debug|Any CPU
		{1CCA30F0-8D81-4E62-9ABB-021F060EFBFF}.Release|Any CPU.ActiveCfg = Release|Any CPU
		{1CCA30F0-8D81-4E62-9ABB-021F060EFBFF}.Release|Any CPU.Build.0 = Release|Any CPU
		{630A3EFB-3EF2-40B8-A180-BD690DDFAE1A}.Debug|Any CPU.ActiveCfg = Debug|Any CPU
		{630A3EFB-3EF2-40B8-A180-BD690DDFAE1A}.Debug|Any CPU.Build.0 = Debug|Any CPU
		{630A3EFB-3EF2-40B8-A180-BD690DDFAE1A}.Release|Any CPU.ActiveCfg = Release|Any CPU
		{630A3EFB-3EF2-40B8-A180-BD690DDFAE1A}.Release|Any CPU.Build.0 = Release|Any CPU
		{A0E24B8A-863C-4291-ADC1-56FD5764D377}.Debug|Any CPU.ActiveCfg = Debug|Any CPU
		{A0E24B8A-863C-4291-ADC1-56FD5764D377}.Debug|Any CPU.Build.0 = Debug|Any CPU
		{A0E24B8A-863C-4291-ADC1-56FD5764D377}.Release|Any CPU.ActiveCfg = Release|Any CPU
		{A0E24B8A-863C-4291-ADC1-56FD5764D377}.Release|Any CPU.Build.0 = Release|Any CPU
		{C2CB1103-4EBF-4D98-AB4A-A4DD77B3D462}.Debug|Any CPU.ActiveCfg = Debug|Any CPU
		{C2CB1103-4EBF-4D98-AB4A-A4DD77B3D462}.Debug|Any CPU.Build.0 = Debug|Any CPU
		{C2CB1103-4EBF-4D98-AB4A-A4DD77B3D462}.Release|Any CPU.ActiveCfg = Release|Any CPU
		{C2CB1103-4EBF-4D98-AB4A-A4DD77B3D462}.Release|Any CPU.Build.0 = Release|Any CPU
		{44E123B8-AE18-4EAB-8E11-0E3D2BFDD4A6}.Debug|Any CPU.ActiveCfg = Debug|Any CPU
		{44E123B8-AE18-4EAB-8E11-0E3D2BFDD4A6}.Debug|Any CPU.Build.0 = Debug|Any CPU
		{44E123B8-AE18-4EAB-8E11-0E3D2BFDD4A6}.Release|Any CPU.ActiveCfg = Release|Any CPU
		{44E123B8-AE18-4EAB-8E11-0E3D2BFDD4A6}.Release|Any CPU.Build.0 = Release|Any CPU
		{179748C5-132C-40ED-83A7-49E637923C45}.Debug|Any CPU.ActiveCfg = Debug|Any CPU
		{179748C5-132C-40ED-83A7-49E637923C45}.Debug|Any CPU.Build.0 = Debug|Any CPU
		{179748C5-132C-40ED-83A7-49E637923C45}.Release|Any CPU.ActiveCfg = Release|Any CPU
		{179748C5-132C-40ED-83A7-49E637923C45}.Release|Any CPU.Build.0 = Release|Any CPU
		{B3C7B90A-F88F-4E17-BB37-0A2C5572E316}.Debug|Any CPU.ActiveCfg = Debug|Any CPU
		{B3C7B90A-F88F-4E17-BB37-0A2C5572E316}.Debug|Any CPU.Build.0 = Debug|Any CPU
		{B3C7B90A-F88F-4E17-BB37-0A2C5572E316}.Release|Any CPU.ActiveCfg = Release|Any CPU
		{B3C7B90A-F88F-4E17-BB37-0A2C5572E316}.Release|Any CPU.Build.0 = Release|Any CPU
		{AA993C66-4099-4DA5-9E42-E34F4C4F16CC}.Debug|Any CPU.ActiveCfg = Debug|Any CPU
		{AA993C66-4099-4DA5-9E42-E34F4C4F16CC}.Debug|Any CPU.Build.0 = Debug|Any CPU
		{AA993C66-4099-4DA5-9E42-E34F4C4F16CC}.Release|Any CPU.ActiveCfg = Release|Any CPU
		{AA993C66-4099-4DA5-9E42-E34F4C4F16CC}.Release|Any CPU.Build.0 = Release|Any CPU
	EndGlobalSection
	GlobalSection(SolutionProperties) = preSolution
		HideSolutionNode = FALSE
	EndGlobalSection
	GlobalSection(ExtensibilityGlobals) = postSolution
		SolutionGuid = {612EDD64-A3C9-483C-A5D9-54EEE1742384}
	EndGlobalSection
EndGlobal
